NeoBundleLock YouCompleteMe 37d63e1aeca5fe5ebec21a6b371e3b4ab5a17223
NeoBundleLock ale 50d952b07d30f6f47398861dbbdcab5ced54dd7f
NeoBundleLock asmx86 54deda1ad27d7def8fbfebc03ae583f4b0752dd9
NeoBundleLock auto-pairs 6afc850e2429e6832a1b093e32a31e0b5eff477d
NeoBundleLock base.vim 406abed63350eb95e263ce28bed0e57d23c643b3
NeoBundleLock base16-vim a86dfe417dcf852a8985b6115e4a19cde00ce7cb
NeoBundleLock cobalt 09defdc2b21e68b1da0622d10d03cfa0f30c5fb6
NeoBundleLock delimitMate 728b57a6564c1d2bdfb9b9e0f2f8c5ba3d7e0c5c
NeoBundleLock frood b3e91636c3cad39434798271ea8c36be44ffd425
NeoBundleLock gruvbox 127c9d14d4bac1bac31e328b835a8919a255789c
NeoBundleLock jellybeans.vim 2ca7d8a27072a8f449887179c3fee81cb00f8c18
NeoBundleLock molokai c67bdfcdb31415aa0ade7f8c003261700a885476
NeoBundleLock neobundle.vim c6fa48cd665071b7a4dbf5ab53f48cd5884716ee
NeoBundleLock nerdtree 54b423e0f8d6cff09b8fdd202baee596d3341dc9
NeoBundleLock rust.vim b77ac8ecbd4baaa23cca612e1c9b3df5ea23da9b
NeoBundleLock spreadsheet.vim 21016760eabcda7952c863af38966a347a54dc88
NeoBundleLock vim-airline 52c0afadb9931d679a04363f48b21edab088203b
NeoBundleLock vim-airline-themes 20a926a1eb6c451ca7767f0f0f00f20e27124381
NeoBundleLock vim-autoformat 41d1c14de27f76f400c51d45b1617319266d9f4a
NeoBundleLock vim-fugitive be2ff98db543990d7e59a90189733d7a779788fd
NeoBundleLock vim-gas bae3cd26d4e8f6bdce5e6bbf6790a7b468d85e42
NeoBundleLock vim-glsl 94fb0b624e0aa5b1c1292fbb9e0b61dbe8cad62b
NeoBundleLock vim-maui 8c30466aa649820801f74b444f33fe3f8106fff3
NeoBundleLock vim-misc 3e6b8fb6f03f13434543ce1f5d24f6a5d3f34f0b
NeoBundleLock vim-notes e465a0a987dbacdf7291688215b8545f8584d409
NeoBundleLock vim-srcery-drk 0683071d3687595e5a1efa77199bc84fb225a5c3
NeoBundleLock vim-surround e49d6c2459e0f5569ff2d533b4df995dd7f98313
NeoBundleLock vim-table-mode 4e41af8e5f0bf53326d1b83c2feb1eff89fe90d4
